// !$*UTF8*$!
{
	archiveVersion = 1;
	classes = {
	};
	objectVersion = 50;
	objects = {

/* Begin PBXBuildFile section */
		0C74AF7C222EA2D20065DFAD /* AppDelegate.swift in Sources */ = {isa = PBXBuildFile; fileRef = 0C74AF7B222EA2D20065DFAD /* AppDelegate.swift */; };
		0C74AF7E222EA2D20065DFAD /* ViewController.swift in Sources */ = {isa = PBXBuildFile; fileRef = 0C74AF7D222EA2D20065DFAD /* ViewController.swift */; };
		0C74AF81222EA2D20065DFAD /* Main.storyboard in Resources */ = {isa = PBXBuildFile; fileRef = 0C74AF7F222EA2D20065DFAD /* Main.storyboard */; };
		0C74AF83222EA2D40065DFAD /* Assets.xcassets in Resources */ = {isa = PBXBuildFile; fileRef = 0C74AF82222EA2D40065DFAD /* Assets.xcassets */; };
		0C74AF86222EA2D40065DFAD /* LaunchScreen.storyboard in Resources */ = {isa = PBXBuildFile; fileRef = 0C74AF84222EA2D40065DFAD /* LaunchScreen.storyboard */; };
		0CFCC30B22311510000A1C03 /* NokiaButton.swift in Sources */ = {isa = PBXBuildFile; fileRef = 0CFCC30A22311510000A1C03 /* NokiaButton.swift */; };
		0CFCC30D2231152F000A1C03 /* NokiaButton.xib in Resources */ = {isa = PBXBuildFile; fileRef = 0CFCC30C2231152F000A1C03 /* NokiaButton.xib */; };
/* End PBXBuildFile section */

/* Begin PBXFileReference section */
		0C74AF78222EA2D20065DFAD /* Nokia.app */ = {isa = PBXFileReference; explicitFileType = wrapper.application; includeInIndex = 0; path = Nokia.app; sourceTree = BUILT_PRODUCTS_DIR; };
		0C74AF7B222EA2D20065DFAD /* AppDelegate.swift */ = {isa = PBXFileReference; lastKnownFileType = sourcecode.swift; path = AppDelegate.swift; sourceTree = "<group>"; };
		0C74AF7D222EA2D20065DFAD /* ViewController.swift */ = {isa = PBXFileReference; lastKnownFileType = sourcecode.swift; path = ViewController.swift; sourceTree = "<group>"; };
		0C74AF80222EA2D20065DFAD /* Base */ = {isa = PBXFileReference; lastKnownFileType = file.storyboard; name = Base; path = Base.lproj/Main.storyboard; sourceTree = "<group>"; };
		0C74AF82222EA2D40065DFAD /* Assets.xcassets */ = {isa = PBXFileReference; lastKnownFileType = folder.assetcatalog; path = Assets.xcassets; sourceTree = "<group>"; };
		0C74AF85222EA2D40065DFAD /* Base */ = {isa = PBXFileReference; lastKnownFileType = file.storyboard; name = Base; path = Base.lproj/LaunchScreen.storyboard; sourceTree = "<group>"; };
		0C74AF87222EA2D40065DFAD /* Info.plist */ = {isa = PBXFileReference; lastKnownFileType = text.plist.xml; path = Info.plist; sourceTree = "<group>"; };
		0CFCC30A22311510000A1C03 /* NokiaButton.swift */ = {isa = PBXFileReference; lastKnownFileType = sourcecode.swift; path = NokiaButton.swift; sourceTree = "<group>"; };
		0CFCC30C2231152F000A1C03 /* NokiaButton.xib */ = {isa = PBXFileReference; lastKnownFileType = file.xib; path = NokiaButton.xib; sourceTree = "<group>"; };
/* End PBXFileReference section */

/* Begin PBXFrameworksBuildPhase section */
		0C74AF75222EA2D20065DFAD /* Frameworks */ = {
			isa = PBXFrameworksBuildPhase;
			buildActionMask = 2147483647;
			files = (
			);
			runOnlyForDeploymentPostprocessing = 0;
		};
/* End PBXFrameworksBuildPhase section */

/* Begin PBXGroup section */
		0C74AF6F222EA2D20065DFAD = {
			isa = PBXGroup;
			children = (
				0C74AF7A222EA2D20065DFAD /* Nokia */,
				0C74AF79222EA2D20065DFAD /* Products */,
			);
			sourceTree = "<group>";
		};
		0C74AF79222EA2D20065DFAD /* Products */ = {
			isa = PBXGroup;
			children = (
				0C74AF78222EA2D20065DFAD /* Nokia.app */,
			);
			name = Products;
			sourceTree = "<group>";
		};
		0C74AF7A222EA2D20065DFAD /* Nokia */ = {
			isa = PBXGroup;
			children = (
				0C74AF7B222EA2D20065DFAD /* AppDelegate.swift */,
				0C74AF7D222EA2D20065DFAD /* ViewController.swift */,
				0C74AF7F222EA2D20065DFAD /* Main.storyboard */,
				0C74AF82222EA2D40065DFAD /* Assets.xcassets */,
				0C74AF84222EA2D40065DFAD /* LaunchScreen.storyboard */,
				0C74AF87222EA2D40065DFAD /* Info.plist */,
				0CFCC30A22311510000A1C03 /* NokiaButton.swift */,
				0CFCC30C2231152F000A1C03 /* NokiaButton.xib */,
			);
			path = Nokia;
			sourceTree = "<group>";
		};
/* End PBXGroup section */

/* Begin PBXNativeTarget section */
		0C74AF77222EA2D20065DFAD /* Nokia */ = {
			isa = PBXNativeTarget;
			buildConfigurationList = 0C74AF8A222EA2D40065DFAD /* Build configuration list for PBXNativeTarget "Nokia" */;
			buildPhases = (
				0C74AF74222EA2D20065DFAD /* Sources */,
				0C74AF75222EA2D20065DFAD /* Frameworks */,
				0C74AF76222EA2D20065DFAD /* Resources */,
			);
			buildRules = (
			);
			dependencies = (
			);
			name = Nokia;
			productName = Nokia;
			productReference = 0C74AF78222EA2D20065DFAD /* Nokia.app */;
			productType = "com.apple.product-type.application";
		};
/* End PBXNativeTarget section */

/* Begin PBXProject section */
		0C74AF70222EA2D20065DFAD /* Project object */ = {
			isa = PBXProject;
			attributes = {
				LastSwiftUpdateCheck = 1010;
				LastUpgradeCheck = 1010;
				ORGANIZATIONNAME = Jonathan;
				TargetAttributes = {
					0C74AF77222EA2D20065DFAD = {
						CreatedOnToolsVersion = 10.1;
					};
				};
			};
			buildConfigurationList = 0C74AF73222EA2D20065DFAD /* Build configuration list for PBXProject "Nokia" */;
			compatibilityVersion = "Xcode 9.3";
			developmentRegion = en;
			hasScannedForEncodings = 0;
			knownRegions = (
				en,
				Base,
			);
			mainGroup = 0C74AF6F222EA2D20065DFAD;
			productRefGroup = 0C74AF79222EA2D20065DFAD /* Products */;
			projectDirPath = "";
			projectRoot = "";
			targets = (
				0C74AF77222EA2D20065DFAD /* Nokia */,
			);
		};
/* End PBXProject section */

/* Begin PBXResourcesBuildPhase section */
		0C74AF76222EA2D20065DFAD /* Resources */ = {
			isa = PBXResourcesBuildPhase;
			buildActionMask = 2147483647;
			files = (
				0C74AF86222EA2D40065DFAD /* LaunchScreen.storyboard in Resources */,
				0C74AF83222EA2D40065DFAD /* Assets.xcassets in Resources */,
				0CFCC30D2231152F000A1C03 /* NokiaButton.xib in Resources */,
				0C74AF81222EA2D20065DFAD /* Main.storyboard in Resources */,
			);
			runOnlyForDeploymentPostprocessing = 0;
		};
/* End PBXResourcesBuildPhase section */

/* Begin PBXSourcesBuildPhase section */
		0C74AF74222EA2D20065DFAD /* Sources */ = {
			isa = PBXSourcesBuildPhase;
			buildActionMask = 2147483647;
			files = (
				0CFCC30B22311510000A1C03 /* NokiaButton.swift in Sources */,
				0C74AF7E222EA2D20065DFAD /* ViewController.swift in Sources */,
				0C74AF7C222EA2D20065DFAD /* AppDelegate.swift in Sources */,
			);
			runOnlyForDeploymentPostprocessing = 0;
		};
/* End PBXSourcesBuildPhase section */

/* Begin PBXVariantGroup section */
		0C74AF7F222EA2D20065DFAD /* Main.storyboard */ = {
			isa = PBXVariantGroup;
			children = (
				0C74AF80222EA2D20065DFAD /* Base */,
			);
			name = Main.storyboard;
			sourceTree = "<group>";
		};
		0C74AF84222EA2D40065DFAD /* LaunchScreen.storyboard */ = {
			isa = PBXVariantGroup;
			children = (
				0C74AF85222EA2D40065DFAD /* Base */,
			);
			name = LaunchScreen.storyboard;
			sourceTree = "<group>";
		};
/* End PBXVariantGroup section */

/* Begin XCBuildConfiguration section */
		0C74AF88222EA2D40065DFAD /* Debug */ = {
			isa = XCBuildConfiguration;
			buildSettings = {
				ALWAYS_SEARCH_USER_PATHS = NO;
				CLANG_ANALYZER_NONNULL = YES;
				CLANG_ANALYZER_NUMBER_OBJECT_CONVERSION = YES_AGGRESSIVE;
				CLANG_CXX_LANGUAGE_STANDARD = "gnu++14";
				CLANG_CXX_LIBRARY = "libc++";
				CLANG_ENABLE_MODULES = YES;
				CLANG_ENABLE_OBJC_ARC = YES;
				CLANG_ENABLE_OBJC_WEAK = YES;
				CLANG_WARN_BLOCK_CAPTURE_AUTORELEASING = YES;
				CLANG_WARN_BOOL_CONVERSION = YES;
				CLANG_WARN_COMMA = YES;
				CLANG_WARN_CONSTANT_CONVERSION = YES;
				CLANG_WARN_DEPRECATED_OBJC_IMPLEMENTATIONS = YES;
				CLANG_WARN_DIRECT_OBJC_ISA_USAGE = YES_ERROR;
				CLANG_WARN_DOCUMENTATION_COMMENTS = YES;
				CLANG_WARN_EMPTY_BODY = YES;
				CLANG_WARN_ENUM_CONVERSION = YES;
				CLANG_WARN_INFINITE_RECURSION = YES;
				CLANG_WARN_INT_CONVERSION = YES;
				CLANG_WARN_NON_LITERAL_NULL_CONVERSION = YES;
				CLANG_WARN_OBJC_IMPLICIT_RETAIN_SELF = YES;
				CLANG_WARN_OBJC_LITERAL_CONVERSION = YES;
				CLANG_WARN_OBJC_ROOT_CLASS = YES_ERROR;
				CLANG_WARN_RANGE_LOOP_ANALYSIS = YES;
				CLANG_WARN_STRICT_PROTOTYPES = YES;
				CLANG_WARN_SUSPICIOUS_MOVE = YES;
				CLANG_WARN_UNGUARDED_AVAILABILITY = YES_AGGRESSIVE;
				CLANG_WARN_UNREACHABLE_CODE = YES;
				CLANG_WARN__DUPLICATE_METHOD_MATCH = YES;
				CODE_SIGN_IDENTITY = "iPhone Developer";
				COPY_PHASE_STRIP = NO;
				DEBUG_INFORMATION_FORMAT = dwarf;
				ENABLE_STRICT_OBJC_MSGSEND = YES;
				ENABLE_TESTABILITY = YES;
				GCC_C_LANGUAGE_STANDARD = gnu11;
				GCC_DYNAMIC_NO_PIC = NO;
				GCC_NO_COMMON_BLOCKS = YES;
				GCC_OPTIMIZATION_LEVEL = 0;
				GCC_PREPROCESSOR_DEFINITIONS = (
					"DEBUG=1",
					"$(inherited)",
				);
				GCC_WARN_64_TO_32_BIT_CONVERSION = YES;
				GCC_WARN_ABOUT_RETURN_TYPE = YES_ERROR;
				GCC_WARN_UNDECLARED_SELECTOR = YES;
				GCC_WARN_UNINITIALIZED_AUTOS = YES_AGGRESSIVE;
				GCC_WARN_UNUSED_FUNCTION = YES;
				GCC_WARN_UNUSED_VARIABLE = YES;
				IPHONEOS_DEPLOYMENT_TARGET = 12.1;
				MTL_ENABLE_DEBUG_INFO = INCLUDE_SOURCE;
				MTL_FAST_MATH = YES;
				ONLY_ACTIVE_ARCH = YES;
				SDKROOT = iphoneos;
				SWIFT_ACTIVE_COMPILATION_CONDITIONS = DEBUG;
				SWIFT_OPTIMIZATION_LEVEL = "-Onone";
			};
			name = Debug;
		};
		0C74AF89222EA2D40065DFAD /* Release */ = {
			isa = XCBuildConfiguration;
			buildSettings = {
				ALWAYS_SEARCH_USER_PATHS = NO;
				CLANG_ANALYZER_NONNULL = YES;
				CLANG_ANALYZER_NUMBER_OBJECT_CONVERSION = YES_AGGRESSIVE;
				CLANG_CXX_LANGUAGE_STANDARD = "gnu++14";
				CLANG_CXX_LIBRARY = "libc++";
				CLANG_ENABLE_MODULES = YES;
				CLANG_ENABLE_OBJC_ARC = YES;
				CLANG_ENABLE_OBJC_WEAK = YES;
				CLANG_WARN_BLOCK_CAPTURE_AUTORELEASING = YES;
				CLANG_WARN_BOOL_CONVERSION = YES;
				CLANG_WARN_COMMA = YES;
				CLANG_WARN_CONSTANT_CONVERSION = YES;
				CLANG_WARN_DEPRECATED_OBJC_IMPLEMENTATIONS = YES;
				CLANG_WARN_DIRECT_OBJC_ISA_USAGE = YES_ERROR;
				CLANG_WARN_DOCUMENTATION_COMMENTS = YES;
				CLANG_WARN_EMPTY_BODY = YES;
				CLANG_WARN_ENUM_CONVERSION = YES;
				CLANG_WARN_INFINITE_RECURSION = YES;
				CLANG_WARN_INT_CONVERSION = YES;
				CLANG_WARN_NON_LITERAL_NULL_CONVERSION = YES;
				CLANG_WARN_OBJC_IMPLICIT_RETAIN_SELF = YES;
				CLANG_WARN_OBJC_LITERAL_CONVERSION = YES;
				CLANG_WARN_OBJC_ROOT_CLASS = YES_ERROR;
				CLANG_WARN_RANGE_LOOP_ANALYSIS = YES;
				CLANG_WARN_STRICT_PROTOTYPES = YES;
				CLANG_WARN_SUSPICIOUS_MOVE = YES;
				CLANG_WARN_UNGUARDED_AVAILABILITY = YES_AGGRESSIVE;
				CLANG_WARN_UNREACHABLE_CODE = YES;
				CLANG_WARN__DUPLICATE_METHOD_MATCH = YES;
				CODE_SIGN_IDENTITY = "iPhone Developer";
				COPY_PHASE_STRIP = NO;
				DEBUG_INFORMATION_FORMAT = "dwarf-with-dsym";
				ENABLE_NS_ASSERTIONS = NO;
				ENABLE_STRICT_OBJC_MSGSEND = YES;
				GCC_C_LANGUAGE_STANDARD = gnu11;
				GCC_NO_COMMON_BLOCKS = YES;
				GCC_WARN_64_TO_32_BIT_CONVERSION = YES;
				GCC_WARN_ABOUT_RETURN_TYPE = YES_ERROR;
				GCC_WARN_UNDECLARED_SELECTOR = YES;
				GCC_WARN_UNINITIALIZED_AUTOS = YES_AGGRESSIVE;
				GCC_WARN_UNUSED_FUNCTION = YES;
				GCC_WARN_UNUSED_VARIABLE = YES;
				IPHONEOS_DEPLOYMENT_TARGET = 12.1;
				MTL_ENABLE_DEBUG_INFO = NO;
				MTL_FAST_MATH = YES;
				SDKROOT = iphoneos;
				SWIFT_COMPILATION_MODE = wholemodule;
				SWIFT_OPTIMIZATION_LEVEL = "-O";
				VALIDATE_PRODUCT = YES;
			};
			name = Release;
		};
		0C74AF8B222EA2D40065DFAD /* Debug */ = {
			isa = XCBuildConfiguration;
			buildSettings = {
				ASSETCATALOG_COMPILER_APPICON_NAME = AppIcon;
				CODE_SIGN_STYLE = Automatic;
				DEVELOPMENT_TEAM = CMLG7ERC9T;
				INFOPLIST_FILE = Nokia/Info.plist;
				LD_RUNPATH_SEARCH_PATHS = (
					"$(inherited)",
					"@executable_path/Frameworks",
				);
				PRODUCT_BUNDLE_IDENTIFIER = com.jonathankrug.Nokia;
				PRODUCT_NAME = "$(TARGET_NAME)";
				SWIFT_VERSION = 4.2;
				TARGETED_DEVICE_FAMILY = "1,2";
			};
			name = Debug;
		};
		0C74AF8C222EA2D40065DFAD /* Release */ = {
			isa = XCBuildConfiguration;
			buildSettings = {
				ASSETCATALOG_COMPILER_APPICON_NAME = AppIcon;
				CODE_SIGN_STYLE = Automatic;
				DEVELOPMENT_TEAM = CMLG7ERC9T;
				INFOPLIST_FILE = Nokia/Info.plist;
				LD_RUNPATH_SEARCH_PATHS = (
					"$(inherited)",
					"@executable_path/Frameworks",
				);
				PRODUCT_BUNDLE_IDENTIFIER = com.jonathankrug.Nokia;
				PRODUCT_NAME = "$(TARGET_NAME)";
				SWIFT_VERSION = 4.2;
				TARGETED_DEVICE_FAMILY = "1,2";
			};
			name = Release;
		};
/* End XCBuildConfiguration section */

/* Begin XCConfigurationList section */
		0C74AF73222EA2D20065DFAD /* Build configuration list for PBXProject "Nokia" */ = {
			isa = XCConfigurationList;
			buildConfigurations = (
				0C74AF88222EA2D40065DFAD /* Debug */,
				0C74AF89222EA2D40065DFAD /* Release */,
			);
			defaultConfigurationIsVisible = 0;
			defaultConfigurationName = Release;
		};
		0C74AF8A222EA2D40065DFAD /* Build configuration list for PBXNativeTarget "Nokia" */ = {
			isa = XCConfigurationList;
			buildConfigurations = (
				0C74AF8B222EA2D40065DFAD /* Debug */,
				0C74AF8C222EA2D40065DFAD /* Release */,
			);
			defaultConfigurationIsVisible = 0;
			defaultConfigurationName = Release;
		};
/* End XCConfigurationList section */
	};
	rootObject = 0C74AF70222EA2D20065DFAD /* Project object */;
}
